// !$*UTF8*$!
{
	archiveVersion = 1;
	classes = {
	};
	objectVersion = 50;
	objects = {

/* Begin PBXBuildFile section */
		A7016D8123DBAED900BAD098 /* AppDelegate.swift in Sources */ = {isa = PBXBuildFile; fileRef = A7016D8023DBAED900BAD098 /* AppDelegate.swift */; };
		A7016D8323DBAED900BAD098 /* SceneDelegate.swift in Sources */ = {isa = PBXBuildFile; fileRef = A7016D8223DBAED900BAD098 /* SceneDelegate.swift */; };
		A7016D8823DBAED900BAD098 /* Main.storyboard in Resources */ = {isa = PBXBuildFile; fileRef = A7016D8623DBAED900BAD098 /* Main.storyboard */; };
		A7016D8A23DBAEDC00BAD098 /* Assets.xcassets in Resources */ = {isa = PBXBuildFile; fileRef = A7016D8923DBAEDC00BAD098 /* Assets.xcassets */; };
		A7016D8D23DBAEDC00BAD098 /* LaunchScreen.storyboard in Resources */ = {isa = PBXBuildFile; fileRef = A7016D8B23DBAEDC00BAD098 /* LaunchScreen.storyboard */; };
		A7016D9723DBAFC500BAD098 /* WeatherListTableViewController.swift in Sources */ = {isa = PBXBuildFile; fileRef = A7016D9623DBAFC500BAD098 /* WeatherListTableViewController.swift */; };
		A7016D9923DBAFEF00BAD098 /* AddCityViewController.swift in Sources */ = {isa = PBXBuildFile; fileRef = A7016D9823DBAFEF00BAD098 /* AddCityViewController.swift */; };
		A7016D9C23DBB03400BAD098 /* WeatherTableViewCell.swift in Sources */ = {isa = PBXBuildFile; fileRef = A7016D9B23DBB03400BAD098 /* WeatherTableViewCell.swift */; };
		A7016D9E23DC2EF300BAD098 /* WebService.swift in Sources */ = {isa = PBXBuildFile; fileRef = A7016D9D23DC2EF300BAD098 /* WebService.swift */; };
		A7016DA123DC349600BAD098 /* WeatherListViewModel.swift in Sources */ = {isa = PBXBuildFile; fileRef = A7016DA023DC349600BAD098 /* WeatherListViewModel.swift */; };
		A7016DA323DC34F200BAD098 /* WeatherViewModel.swift in Sources */ = {isa = PBXBuildFile; fileRef = A7016DA223DC34F200BAD098 /* WeatherViewModel.swift */; };
		A7016DA623DE0AC400BAD098 /* Double+Entensions.swift in Sources */ = {isa = PBXBuildFile; fileRef = A7016DA523DE0AC400BAD098 /* Double+Entensions.swift */; };
		A7016DA823DE0CDD00BAD098 /* SettingsTableViewController.swift in Sources */ = {isa = PBXBuildFile; fileRef = A7016DA723DE0CDD00BAD098 /* SettingsTableViewController.swift */; };
		A7016DAA23DE0F8200BAD098 /* SettingsViewModel.swift in Sources */ = {isa = PBXBuildFile; fileRef = A7016DA923DE0F8200BAD098 /* SettingsViewModel.swift */; };
		A7016DAC23DE210900BAD098 /* AddCityViewModel.swift in Sources */ = {isa = PBXBuildFile; fileRef = A7016DAB23DE210900BAD098 /* AddCityViewModel.swift */; };
		A7A9DC1923DEB1290034D28A /* BindingTextField.swift in Sources */ = {isa = PBXBuildFile; fileRef = A7A9DC1823DEB1290034D28A /* BindingTextField.swift */; };
		A7A9DC1B23DECBC70034D28A /* WeatherDetailsViewController.swift in Sources */ = {isa = PBXBuildFile; fileRef = A7A9DC1A23DECBC70034D28A /* WeatherDetailsViewController.swift */; };
		A7A9DC1E23DEF2DE0034D28A /* WeatherListTableViewDataSource.swift in Sources */ = {isa = PBXBuildFile; fileRef = A7A9DC1D23DEF2DE0034D28A /* WeatherListTableViewDataSource.swift */; };
		A7A9DC2023DEFB610034D28A /* TableViewDataSource.swift in Sources */ = {isa = PBXBuildFile; fileRef = A7A9DC1F23DEFB610034D28A /* TableViewDataSource.swift */; };
		A7A9DC2223DEFDCB0034D28A /* UITableViewCell+Extensions.swift in Sources */ = {isa = PBXBuildFile; fileRef = A7A9DC2123DEFDCB0034D28A /* UITableViewCell+Extensions.swift */; };
/* End PBXBuildFile section */

/* Begin PBXFileReference section */
		A7016D7D23DBAED900BAD098 /* Weather.app */ = {isa = PBXFileReference; explicitFileType = wrapper.application; includeInIndex = 0; path = Weather.app; sourceTree = BUILT_PRODUCTS_DIR; };
		A7016D8023DBAED900BAD098 /* AppDelegate.swift */ = {isa = PBXFileReference; lastKnownFileType = sourcecode.swift; path = AppDelegate.swift; sourceTree = "<group>"; };
		A7016D8223DBAED900BAD098 /* SceneDelegate.swift */ = {isa = PBXFileReference; lastKnownFileType = sourcecode.swift; path = SceneDelegate.swift; sourceTree = "<group>"; };
		A7016D8723DBAED900BAD098 /* Base */ = {isa = PBXFileReference; lastKnownFileType = file.storyboard; name = Base; path = Base.lproj/Main.storyboard; sourceTree = "<group>"; };
		A7016D8923DBAEDC00BAD098 /* Assets.xcassets */ = {isa = PBXFileReference; lastKnownFileType = folder.assetcatalog; path = Assets.xcassets; sourceTree = "<group>"; };
		A7016D8C23DBAEDC00BAD098 /* Base */ = {isa = PBXFileReference; lastKnownFileType = file.storyboard; name = Base; path = Base.lproj/LaunchScreen.storyboard; sourceTree = "<group>"; };
		A7016D8E23DBAEDC00BAD098 /* Info.plist */ = {isa = PBXFileReference; lastKnownFileType = text.plist.xml; path = Info.plist; sourceTree = "<group>"; };
		A7016D9623DBAFC500BAD098 /* WeatherListTableViewController.swift */ = {isa = PBXFileReference; lastKnownFileType = sourcecode.swift; path = WeatherListTableViewController.swift; sourceTree = "<group>"; };
		A7016D9823DBAFEF00BAD098 /* AddCityViewController.swift */ = {isa = PBXFileReference; lastKnownFileType = sourcecode.swift; path = AddCityViewController.swift; sourceTree = "<group>"; };
		A7016D9B23DBB03400BAD098 /* WeatherTableViewCell.swift */ = {isa = PBXFileReference; lastKnownFileType = sourcecode.swift; path = WeatherTableViewCell.swift; sourceTree = "<group>"; };
		A7016D9D23DC2EF300BAD098 /* WebService.swift */ = {isa = PBXFileReference; lastKnownFileType = sourcecode.swift; path = WebService.swift; sourceTree = "<group>"; };
		A7016DA023DC349600BAD098 /* WeatherListViewModel.swift */ = {isa = PBXFileReference; lastKnownFileType = sourcecode.swift; path = WeatherListViewModel.swift; sourceTree = "<group>"; };
		A7016DA223DC34F200BAD098 /* WeatherViewModel.swift */ = {isa = PBXFileReference; lastKnownFileType = sourcecode.swift; path = WeatherViewModel.swift; sourceTree = "<group>"; };
		A7016DA523DE0AC400BAD098 /* Double+Entensions.swift */ = {isa = PBXFileReference; lastKnownFileType = sourcecode.swift; path = "Double+Entensions.swift"; sourceTree = "<group>"; };
		A7016DA723DE0CDD00BAD098 /* SettingsTableViewController.swift */ = {isa = PBXFileReference; lastKnownFileType = sourcecode.swift; path = SettingsTableViewController.swift; sourceTree = "<group>"; };
		A7016DA923DE0F8200BAD098 /* SettingsViewModel.swift */ = {isa = PBXFileReference; lastKnownFileType = sourcecode.swift; path = SettingsViewModel.swift; sourceTree = "<group>"; };
		A7016DAB23DE210900BAD098 /* AddCityViewModel.swift */ = {isa = PBXFileReference; lastKnownFileType = sourcecode.swift; path = AddCityViewModel.swift; sourceTree = "<group>"; };
		A7A9DC1823DEB1290034D28A /* BindingTextField.swift */ = {isa = PBXFileReference; lastKnownFileType = sourcecode.swift; path = BindingTextField.swift; sourceTree = "<group>"; };
		A7A9DC1A23DECBC70034D28A /* WeatherDetailsViewController.swift */ = {isa = PBXFileReference; lastKnownFileType = sourcecode.swift; path = WeatherDetailsViewController.swift; sourceTree = "<group>"; };
		A7A9DC1D23DEF2DE0034D28A /* WeatherListTableViewDataSource.swift */ = {isa = PBXFileReference; lastKnownFileType = sourcecode.swift; path = WeatherListTableViewDataSource.swift; sourceTree = "<group>"; };
		A7A9DC1F23DEFB610034D28A /* TableViewDataSource.swift */ = {isa = PBXFileReference; lastKnownFileType = sourcecode.swift; path = TableViewDataSource.swift; sourceTree = "<group>"; };
		A7A9DC2123DEFDCB0034D28A /* UITableViewCell+Extensions.swift */ = {isa = PBXFileReference; lastKnownFileType = sourcecode.swift; path = "UITableViewCell+Extensions.swift"; sourceTree = "<group>"; };
/* End PBXFileReference section */

/* Begin PBXFrameworksBuildPhase section */
		A7016D7A23DBAED900BAD098 /* Frameworks */ = {
			isa = PBXFrameworksBuildPhase;
			buildActionMask = 2147483647;
			files = (
			);
			runOnlyForDeploymentPostprocessing = 0;
		};
/* End PBXFrameworksBuildPhase section */

/* Begin PBXGroup section */
		A7016D7423DBAED900BAD098 = {
			isa = PBXGroup;
			children = (
				A7016D7F23DBAED900BAD098 /* SampleWeatherApp */,
				A7016D7E23DBAED900BAD098 /* Products */,
			);
			sourceTree = "<group>";
		};
		A7016D7E23DBAED900BAD098 /* Products */ = {
			isa = PBXGroup;
			children = (
				A7016D7D23DBAED900BAD098 /* Weather.app */,
			);
			name = Products;
			sourceTree = "<group>";
		};
		A7016D7F23DBAED900BAD098 /* SampleWeatherApp */ = {
			isa = PBXGroup;
			children = (
				A7A9DC1C23DEF2A40034D28A /* DataSource */,
				A7A9DC1723DEB10F0034D28A /* Binding */,
				A7016DA423DE0AAF00BAD098 /* Extension */,
				A7016D9F23DC347E00BAD098 /* ViewModels */,
				A7016D9A23DBAFFD00BAD098 /* Services */,
				A7016D9523DBAF9900BAD098 /* CustomCells */,
				A7016D9423DBAF8C00BAD098 /* Controllers */,
				A7016D8023DBAED900BAD098 /* AppDelegate.swift */,
				A7016D8223DBAED900BAD098 /* SceneDelegate.swift */,
				A7016D8623DBAED900BAD098 /* Main.storyboard */,
				A7016D8923DBAEDC00BAD098 /* Assets.xcassets */,
				A7016D8B23DBAEDC00BAD098 /* LaunchScreen.storyboard */,
				A7016D8E23DBAEDC00BAD098 /* Info.plist */,
			);
			path = SampleWeatherApp;
			sourceTree = "<group>";
		};
		A7016D9423DBAF8C00BAD098 /* Controllers */ = {
			isa = PBXGroup;
			children = (
				A7016D9623DBAFC500BAD098 /* WeatherListTableViewController.swift */,
				A7016D9823DBAFEF00BAD098 /* AddCityViewController.swift */,
				A7016DA723DE0CDD00BAD098 /* SettingsTableViewController.swift */,
				A7A9DC1A23DECBC70034D28A /* WeatherDetailsViewController.swift */,
			);
			path = Controllers;
			sourceTree = "<group>";
		};
		A7016D9523DBAF9900BAD098 /* CustomCells */ = {
			isa = PBXGroup;
			children = (
				A7016D9B23DBB03400BAD098 /* WeatherTableViewCell.swift */,
			);
			path = CustomCells;
			sourceTree = "<group>";
		};
		A7016D9A23DBAFFD00BAD098 /* Services */ = {
			isa = PBXGroup;
			children = (
				A7016D9D23DC2EF300BAD098 /* WebService.swift */,
			);
			path = Services;
			sourceTree = "<group>";
		};
		A7016D9F23DC347E00BAD098 /* ViewModels */ = {
			isa = PBXGroup;
			children = (
				A7016DA023DC349600BAD098 /* WeatherListViewModel.swift */,
				A7016DA223DC34F200BAD098 /* WeatherViewModel.swift */,
				A7016DA923DE0F8200BAD098 /* SettingsViewModel.swift */,
				A7016DAB23DE210900BAD098 /* AddCityViewModel.swift */,
			);
			path = ViewModels;
			sourceTree = "<group>";
		};
		A7016DA423DE0AAF00BAD098 /* Extension */ = {
			isa = PBXGroup;
			children = (
				A7016DA523DE0AC400BAD098 /* Double+Entensions.swift */,
				A7A9DC2123DEFDCB0034D28A /* UITableViewCell+Extensions.swift */,
			);
			path = Extension;
			sourceTree = "<group>";
		};
		A7A9DC1723DEB10F0034D28A /* Binding */ = {
			isa = PBXGroup;
			children = (
				A7A9DC1823DEB1290034D28A /* BindingTextField.swift */,
			);
			path = Binding;
			sourceTree = "<group>";
		};
		A7A9DC1C23DEF2A40034D28A /* DataSource */ = {
			isa = PBXGroup;
			children = (
				A7A9DC1D23DEF2DE0034D28A /* WeatherListTableViewDataSource.swift */,
				A7A9DC1F23DEFB610034D28A /* TableViewDataSource.swift */,
			);
			path = DataSource;
			sourceTree = "<group>";
		};
/* End PBXGroup section */

/* Begin PBXNativeTarget section */
		A7016D7C23DBAED900BAD098 /* SampleWeatherApp */ = {
			isa = PBXNativeTarget;
			buildConfigurationList = A7016D9123DBAEDC00BAD098 /* Build configuration list for PBXNativeTarget "SampleWeatherApp" */;
			buildPhases = (
				A7016D7923DBAED900BAD098 /* Sources */,
				A7016D7A23DBAED900BAD098 /* Frameworks */,
				A7016D7B23DBAED900BAD098 /* Resources */,
			);
			buildRules = (
			);
			dependencies = (
			);
			name = SampleWeatherApp;
			productName = SampleWeatherApp;
			productReference = A7016D7D23DBAED900BAD098 /* Weather.app */;
			productType = "com.apple.product-type.application";
		};
/* End PBXNativeTarget section */

/* Begin PBXProject section */
		A7016D7523DBAED900BAD098 /* Project object */ = {
			isa = PBXProject;
			attributes = {
				LastSwiftUpdateCheck = 1130;
				LastUpgradeCheck = 1130;
				ORGANIZATIONNAME = Sanjay;
				TargetAttributes = {
					A7016D7C23DBAED900BAD098 = {
						CreatedOnToolsVersion = 11.3;
					};
				};
			};
			buildConfigurationList = A7016D7823DBAED900BAD098 /* Build configuration list for PBXProject "SampleWeatherApp" */;
			compatibilityVersion = "Xcode 9.3";
			developmentRegion = en;
			hasScannedForEncodings = 0;
			knownRegions = (
				en,
				Base,
			);
			mainGroup = A7016D7423DBAED900BAD098;
			productRefGroup = A7016D7E23DBAED900BAD098 /* Products */;
			projectDirPath = "";
			projectRoot = "";
			targets = (
				A7016D7C23DBAED900BAD098 /* SampleWeatherApp */,
			);
		};
/* End PBXProject section */

/* Begin PBXResourcesBuildPhase section */
		A7016D7B23DBAED900BAD098 /* Resources */ = {
			isa = PBXResourcesBuildPhase;
			buildActionMask = 2147483647;
			files = (
				A7016D8D23DBAEDC00BAD098 /* LaunchScreen.storyboard in Resources */,
				A7016D8A23DBAEDC00BAD098 /* Assets.xcassets in Resources */,
				A7016D8823DBAED900BAD098 /* Main.storyboard in Resources */,
			);
			runOnlyForDeploymentPostprocessing = 0;
		};
/* End PBXResourcesBuildPhase section */

/* Begin PBXSourcesBuildPhase section */
		A7016D7923DBAED900BAD098 /* Sources */ = {
			isa = PBXSourcesBuildPhase;
			buildActionMask = 2147483647;
			files = (
				A7016D9E23DC2EF300BAD098 /* WebService.swift in Sources */,
				A7016DA623DE0AC400BAD098 /* Double+Entensions.swift in Sources */,
				A7A9DC2023DEFB610034D28A /* TableViewDataSource.swift in Sources */,
				A7016D9C23DBB03400BAD098 /* WeatherTableViewCell.swift in Sources */,
				A7016D9723DBAFC500BAD098 /* WeatherListTableViewController.swift in Sources */,
				A7016DA123DC349600BAD098 /* WeatherListViewModel.swift in Sources */,
				A7016D8123DBAED900BAD098 /* AppDelegate.swift in Sources */,
				A7016DA823DE0CDD00BAD098 /* SettingsTableViewController.swift in Sources */,
				A7A9DC1923DEB1290034D28A /* BindingTextField.swift in Sources */,
				A7A9DC1E23DEF2DE0034D28A /* WeatherListTableViewDataSource.swift in Sources */,
				A7016DA323DC34F200BAD098 /* WeatherViewModel.swift in Sources */,
				A7016DAA23DE0F8200BAD098 /* SettingsViewModel.swift in Sources */,
				A7016D8323DBAED900BAD098 /* SceneDelegate.swift in Sources */,
				A7016D9923DBAFEF00BAD098 /* AddCityViewController.swift in Sources */,
				A7A9DC1B23DECBC70034D28A /* WeatherDetailsViewController.swift in Sources */,
				A7016DAC23DE210900BAD098 /* AddCityViewModel.swift in Sources */,
				A7A9DC2223DEFDCB0034D28A /* UITableViewCell+Extensions.swift in Sources */,
			);
			runOnlyForDeploymentPostprocessing = 0;
		};
/* End PBXSourcesBuildPhase section */

/* Begin PBXVariantGroup section */
		A7016D8623DBAED900BAD098 /* Main.storyboard */ = {
			isa = PBXVariantGroup;
			children = (
				A7016D8723DBAED900BAD098 /* Base */,
			);
			name = Main.storyboard;
			sourceTree = "<group>";
		};
		A7016D8B23DBAEDC00BAD098 /* LaunchScreen.storyboard */ = {
			isa = PBXVariantGroup;
			children = (
				A7016D8C23DBAEDC00BAD098 /* Base */,
			);
			name = LaunchScreen.storyboard;
			sourceTree = "<group>";
		};
/* End PBXVariantGroup section */

/* Begin XCBuildConfiguration section */
		A7016D8F23DBAEDC00BAD098 /* Debug */ = {
			isa = XCBuildConfiguration;
			buildSettings = {
				ALWAYS_SEARCH_USER_PATHS = NO;
				CLANG_ANALYZER_NONNULL = YES;
				CLANG_ANALYZER_NUMBER_OBJECT_CONVERSION = YES_AGGRESSIVE;
				CLANG_CXX_LANGUAGE_STANDARD = "gnu++14";
				CLANG_CXX_LIBRARY = "libc++";
				CLANG_ENABLE_MODULES = YES;
				CLANG_ENABLE_OBJC_ARC = YES;
				CLANG_ENABLE_OBJC_WEAK = YES;
				CLANG_WARN_BLOCK_CAPTURE_AUTORELEASING = YES;
				CLANG_WARN_BOOL_CONVERSION = YES;
				CLANG_WARN_COMMA = YES;
				CLANG_WARN_CONSTANT_CONVERSION = YES;
				CLANG_WARN_DEPRECATED_OBJC_IMPLEMENTATIONS = YES;
				CLANG_WARN_DIRECT_OBJC_ISA_USAGE = YES_ERROR;
				CLANG_WARN_DOCUMENTATION_COMMENTS = YES;
				CLANG_WARN_EMPTY_BODY = YES;
				CLANG_WARN_ENUM_CONVERSION = YES;
				CLANG_WARN_INFINITE_RECURSION = YES;
				CLANG_WARN_INT_CONVERSION = YES;
				CLANG_WARN_NON_LITERAL_NULL_CONVERSION = YES;
				CLANG_WARN_OBJC_IMPLICIT_RETAIN_SELF = YES;
				CLANG_WARN_OBJC_LITERAL_CONVERSION = YES;
				CLANG_WARN_OBJC_ROOT_CLASS = YES_ERROR;
				CLANG_WARN_RANGE_LOOP_ANALYSIS = YES;
				CLANG_WARN_STRICT_PROTOTYPES = YES;
				CLANG_WARN_SUSPICIOUS_MOVE = YES;
				CLANG_WARN_UNGUARDED_AVAILABILITY = YES_AGGRESSIVE;
				CLANG_WARN_UNREACHABLE_CODE = YES;
				CLANG_WARN__DUPLICATE_METHOD_MATCH = YES;
				COPY_PHASE_STRIP = NO;
				DEBUG_INFORMATION_FORMAT = dwarf;
				ENABLE_STRICT_OBJC_MSGSEND = YES;
				ENABLE_TESTABILITY = YES;
				GCC_C_LANGUAGE_STANDARD = gnu11;
				GCC_DYNAMIC_NO_PIC = NO;
				GCC_NO_COMMON_BLOCKS = YES;
				GCC_OPTIMIZATION_LEVEL = 0;
				GCC_PREPROCESSOR_DEFINITIONS = (
					"DEBUG=1",
					"$(inherited)",
				);
				GCC_WARN_64_TO_32_BIT_CONVERSION = YES;
				GCC_WARN_ABOUT_RETURN_TYPE = YES_ERROR;
				GCC_WARN_UNDECLARED_SELECTOR = YES;
				GCC_WARN_UNINITIALIZED_AUTOS = YES_AGGRESSIVE;
				GCC_WARN_UNUSED_FUNCTION = YES;
				GCC_WARN_UNUSED_VARIABLE = YES;
				IPHONEOS_DEPLOYMENT_TARGET = 13.2;
				MTL_ENABLE_DEBUG_INFO = INCLUDE_SOURCE;
				MTL_FAST_MATH = YES;
				ONLY_ACTIVE_ARCH = YES;
				SDKROOT = iphoneos;
				SWIFT_ACTIVE_COMPILATION_CONDITIONS = DEBUG;
				SWIFT_OPTIMIZATION_LEVEL = "-Onone";
			};
			name = Debug;
		};
		A7016D9023DBAEDC00BAD098 /* Release */ = {
			isa = XCBuildConfiguration;
			buildSettings = {
				ALWAYS_SEARCH_USER_PATHS = NO;
				CLANG_ANALYZER_NONNULL = YES;
				CLANG_ANALYZER_NUMBER_OBJECT_CONVERSION = YES_AGGRESSIVE;
				CLANG_CXX_LANGUAGE_STANDARD = "gnu++14";
				CLANG_CXX_LIBRARY = "libc++";
				CLANG_ENABLE_MODULES = YES;
				CLANG_ENABLE_OBJC_ARC = YES;
				CLANG_ENABLE_OBJC_WEAK = YES;
				CLANG_WARN_BLOCK_CAPTURE_AUTORELEASING = YES;
				CLANG_WARN_BOOL_CONVERSION = YES;
				CLANG_WARN_COMMA = YES;
				CLANG_WARN_CONSTANT_CONVERSION = YES;
				CLANG_WARN_DEPRECATED_OBJC_IMPLEMENTATIONS = YES;
				CLANG_WARN_DIRECT_OBJC_ISA_USAGE = YES_ERROR;
				CLANG_WARN_DOCUMENTATION_COMMENTS = YES;
				CLANG_WARN_EMPTY_BODY = YES;
				CLANG_WARN_ENUM_CONVERSION = YES;
				CLANG_WARN_INFINITE_RECURSION = YES;
				CLANG_WARN_INT_CONVERSION = YES;
				CLANG_WARN_NON_LITERAL_NULL_CONVERSION = YES;
				CLANG_WARN_OBJC_IMPLICIT_RETAIN_SELF = YES;
				CLANG_WARN_OBJC_LITERAL_CONVERSION = YES;
				CLANG_WARN_OBJC_ROOT_CLASS = YES_ERROR;
				CLANG_WARN_RANGE_LOOP_ANALYSIS = YES;
				CLANG_WARN_STRICT_PROTOTYPES = YES;
				CLANG_WARN_SUSPICIOUS_MOVE = YES;
				CLANG_WARN_UNGUARDED_AVAILABILITY = YES_AGGRESSIVE;
				CLANG_WARN_UNREACHABLE_CODE = YES;
				CLANG_WARN__DUPLICATE_METHOD_MATCH = YES;
				COPY_PHASE_STRIP = NO;
				DEBUG_INFORMATION_FORMAT = "dwarf-with-dsym";
				ENABLE_NS_ASSERTIONS = NO;
				ENABLE_STRICT_OBJC_MSGSEND = YES;
				GCC_C_LANGUAGE_STANDARD = gnu11;
				GCC_NO_COMMON_BLOCKS = YES;
				GCC_WARN_64_TO_32_BIT_CONVERSION = YES;
				GCC_WARN_ABOUT_RETURN_TYPE = YES_ERROR;
				GCC_WARN_UNDECLARED_SELECTOR = YES;
				GCC_WARN_UNINITIALIZED_AUTOS = YES_AGGRESSIVE;
				GCC_WARN_UNUSED_FUNCTION = YES;
				GCC_WARN_UNUSED_VARIABLE = YES;
				IPHONEOS_DEPLOYMENT_TARGET = 13.2;
				MTL_ENABLE_DEBUG_INFO = NO;
				MTL_FAST_MATH = YES;
				SDKROOT = iphoneos;
				SWIFT_COMPILATION_MODE = wholemodule;
				SWIFT_OPTIMIZATION_LEVEL = "-O";
				VALIDATE_PRODUCT = YES;
			};
			name = Release;
		};
		A7016D9223DBAEDC00BAD098 /* Debug */ = {
			isa = XCBuildConfiguration;
			buildSettings = {
				ASSETCATALOG_COMPILER_APPICON_NAME = AppIcon;
				CODE_SIGN_STYLE = Automatic;
				DEVELOPMENT_TEAM = A3KP5SQ39M;
				INFOPLIST_FILE = SampleWeatherApp/Info.plist;
				LD_RUNPATH_SEARCH_PATHS = (
					"$(inherited)",
					"@executable_path/Frameworks",
				);
				PRODUCT_BUNDLE_IDENTIFIER = com.sanjaypathak.SampleWeatherApp;
				PRODUCT_NAME = Weather;
				SWIFT_VERSION = 5.0;
				TARGETED_DEVICE_FAMILY = "1,2";
			};
			name = Debug;
		};
		A7016D9323DBAEDC00BAD098 /* Release */ = {
			isa = XCBuildConfiguration;
			buildSettings = {
				ASSETCATALOG_COMPILER_APPICON_NAME = AppIcon;
				CODE_SIGN_STYLE = Automatic;
				DEVELOPMENT_TEAM = A3KP5SQ39M;
				INFOPLIST_FILE = SampleWeatherApp/Info.plist;
				LD_RUNPATH_SEARCH_PATHS = (
					"$(inherited)",
					"@executable_path/Frameworks",
				);
				PRODUCT_BUNDLE_IDENTIFIER = com.sanjaypathak.SampleWeatherApp;
				PRODUCT_NAME = Weather;
				SWIFT_VERSION = 5.0;
				TARGETED_DEVICE_FAMILY = "1,2";
			};
			name = Release;
		};
/* End XCBuildConfiguration section */

/* Begin XCConfigurationList section */
		A7016D7823DBAED900BAD098 /* Build configuration list for PBXProject "SampleWeatherApp" */ = {
			isa = XCConfigurationList;
			buildConfigurations = (
				A7016D8F23DBAEDC00BAD098 /* Debug */,
				A7016D9023DBAEDC00BAD098 /* Release */,
			);
			defaultConfigurationIsVisible = 0;
			defaultConfigurationName = Release;
		};
		A7016D9123DBAEDC00BAD098 /* Build configuration list for PBXNativeTarget "SampleWeatherApp" */ = {
			isa = XCConfigurationList;
			buildConfigurations = (
				A7016D9223DBAEDC00BAD098 /* Debug */,
				A7016D9323DBAEDC00BAD098 /* Release */,
			);
			defaultConfigurationIsVisible = 0;
			defaultConfigurationName = Release;
		};
/* End XCConfigurationList section */
	};
	rootObject = A7016D7523DBAED900BAD098 /* Project object */;
}
